
Microsoft Visual Studio Solution File, Format Version 12.00
# Visual Studio Version 17
VisualStudioVersion = 17.5.33516.290
MinimumVisualStudioVersion = 10.0.40219.1
Project("{FAE04EC0-301F-11D3-BF4B-00C04F79EFBC}") = "project_evrnt", "project_evrnt\project_evrnt.csproj", "{8258EF3B-ED1F-44BD-A61B-04B6B063F1EB}"
EndProject
Global
	GlobalSection(SolutionConfigurationPlatforms) = preSolution
		Debug|Any CPU = Debug|Any CPU
		Release|Any CPU = Release|Any CPU
	EndGlobalSection
	GlobalSection(ProjectConfigurationPlatforms) = postSolution
		{8258EF3B-ED1F-44BD-A61B-04B6B063F1EB}.Debug|Any CPU.ActiveCfg = Debug|Any CPU
		{8258EF3B-ED1F-44BD-A61B-04B6B063F1EB}.Debug|Any CPU.Build.0 = Debug|Any CPU
		{8258EF3B-ED1F-44BD-A61B-04B6B063F1EB}.Release|Any CPU.ActiveCfg = Release|Any CPU
		{8258EF3B-ED1F-44BD-A61B-04B6B063F1EB}.Release|Any CPU.Build.0 = Release|Any CPU
	EndGlobalSection
	GlobalSection(SolutionProperties) = preSolution
		HideSolutionNode = FALSE
	EndGlobalSection
	GlobalSection(ExtensibilityGlobals) = postSolution
		SolutionGuid = {EB9FD13B-204E-4C96-950B-E3900510419B}
	EndGlobalSection
EndGlobal
